
Microsoft Visual Studio Solution File, Format Version 12.00
# Visual Studio Version 16
VisualStudioVersion = 16.0.30621.155
MinimumVisualStudioVersion = 10.0.40219.1
Project("{FAE04EC0-301F-11D3-BF4B-00C04F79EFBC}") = "learn", "learn\learn.csproj", "{A6DEF899-9B9D-4846-AF07-FB12C7DA732A}"
EndProject
Global
	GlobalSection(SolutionConfigurationPlatforms) = preSolution
		Debug|Any CPU = Debug|Any CPU
		Release|Any CPU = Release|Any CPU
	EndGlobalSection
	GlobalSection(ProjectConfigurationPlatforms) = postSolution
		{A6DEF899-9B9D-4846-AF07-FB12C7DA732A}.Debug|Any CPU.ActiveCfg = Debug|Any CPU
		{A6DEF899-9B9D-4846-AF07-FB12C7DA732A}.Debug|Any CPU.Build.0 = Debug|Any CPU
		{A6DEF899-9B9D-4846-AF07-FB12C7DA732A}.Release|Any CPU.ActiveCfg = Release|Any CPU
		{A6DEF899-9B9D-4846-AF07-FB12C7DA732A}.Release|Any CPU.Build.0 = Release|Any CPU
	EndGlobalSection
	GlobalSection(SolutionProperties) = preSolution
		HideSolutionNode = FALSE
	EndGlobalSection
	GlobalSection(ExtensibilityGlobals) = postSolution
		SolutionGuid = {2E8E6CC2-F7BC-4B72-8A17-01F1E6A9320E}
	EndGlobalSection
EndGlobal
